
Microsoft Visual Studio Solution File, Format Version 12.00
# Visual Studio Version 17
VisualStudioVersion = 17.9.34902.65
MinimumVisualStudioVersion = 10.0.40219.1
Project("{FAE04EC0-301F-11D3-BF4B-00C04F79EFBC}") = "ProjectX", "ProjectX\ProjectX.csproj", "{D728CD24-F416-4B3D-A44F-46AA7462FEFA}"
EndProject
Global
	GlobalSection(SolutionConfigurationPlatforms) = preSolution
		Debug|Any CPU = Debug|Any CPU
		Release|Any CPU = Release|Any CPU
	EndGlobalSection
	GlobalSection(ProjectConfigurationPlatforms) = postSolution
		{D728CD24-F416-4B3D-A44F-46AA7462FEFA}.Debug|Any CPU.ActiveCfg = Debug|Any CPU
		{D728CD24-F416-4B3D-A44F-46AA7462FEFA}.Debug|Any CPU.Build.0 = Debug|Any CPU
		{D728CD24-F416-4B3D-A44F-46AA7462FEFA}.Release|Any CPU.ActiveCfg = Release|Any CPU
		{D728CD24-F416-4B3D-A44F-46AA7462FEFA}.Release|Any CPU.Build.0 = Release|Any CPU
	EndGlobalSection
	GlobalSection(SolutionProperties) = preSolution
		HideSolutionNode = FALSE
	EndGlobalSection
	GlobalSection(ExtensibilityGlobals) = postSolution
		SolutionGuid = {1AAC5EB7-678B-45E4-93AC-5771D7E4E9FA}
	EndGlobalSection
EndGlobal
